// !$*UTF8*$!
{
	archiveVersion = 1;
	classes = {
	};
	objectVersion = 50;
	objects = {

/* Begin PBXBuildFile section */
		58247BA123186C4D003E2E12 /* AppDelegate.swift in Sources */ = {isa = PBXBuildFile; fileRef = 58247BA023186C4D003E2E12 /* AppDelegate.swift */; };
		58247BA623186C4D003E2E12 /* Main.storyboard in Resources */ = {isa = PBXBuildFile; fileRef = 58247BA423186C4D003E2E12 /* Main.storyboard */; };
		58247BA823186C4E003E2E12 /* Assets.xcassets in Resources */ = {isa = PBXBuildFile; fileRef = 58247BA723186C4E003E2E12 /* Assets.xcassets */; };
		58247BAB23186C4E003E2E12 /* LaunchScreen.storyboard in Resources */ = {isa = PBXBuildFile; fileRef = 58247BA923186C4E003E2E12 /* LaunchScreen.storyboard */; };
		58247BB623186C4E003E2E12 /* iOS_Introduction_to_Unit_Testing_LabTests.swift in Sources */ = {isa = PBXBuildFile; fileRef = 58247BB523186C4E003E2E12 /* iOS_Introduction_to_Unit_Testing_LabTests.swift */; };
		58247BC523186DDC003E2E12 /* jokesJSON.json in Resources */ = {isa = PBXBuildFile; fileRef = 58247BC423186DDC003E2E12 /* jokesJSON.json */; };
		58247BC923186FEE003E2E12 /* jokesModel.swift in Sources */ = {isa = PBXBuildFile; fileRef = 58247BC823186FEE003E2E12 /* jokesModel.swift */; };
		58247BCB2318724E003E2E12 /* jokesModel.swift in Sources */ = {isa = PBXBuildFile; fileRef = 58247BC823186FEE003E2E12 /* jokesModel.swift */; };
		58247BCD231878FA003E2E12 /* JokesViewController.swift in Sources */ = {isa = PBXBuildFile; fileRef = 58247BCC231878FA003E2E12 /* JokesViewController.swift */; };
		58247BCF2318B7DD003E2E12 /* JokesDetailedViewController.swift in Sources */ = {isa = PBXBuildFile; fileRef = 58247BCE2318B7DD003E2E12 /* JokesDetailedViewController.swift */; };
		58247BD123196755003E2E12 /* StarWarsJSON.json in Resources */ = {isa = PBXBuildFile; fileRef = 58247BD023196755003E2E12 /* StarWarsJSON.json */; };
		58247BFF2319BABF003E2E12 /* starWarsModel.swift in Sources */ = {isa = PBXBuildFile; fileRef = 58247BFE2319BABF003E2E12 /* starWarsModel.swift */; };
		58247C002319BBF9003E2E12 /* starWarsModel.swift in Sources */ = {isa = PBXBuildFile; fileRef = 58247BFE2319BABF003E2E12 /* starWarsModel.swift */; };
/* End PBXBuildFile section */

/* Begin PBXContainerItemProxy section */
		58247BB223186C4E003E2E12 /* PBXContainerItemProxy */ = {
			isa = PBXContainerItemProxy;
			containerPortal = 58247B9523186C4D003E2E12 /* Project object */;
			proxyType = 1;
			remoteGlobalIDString = 58247B9C23186C4D003E2E12;
			remoteInfo = "iOS-Introduction-to-Unit-Testing-Lab";
		};
/* End PBXContainerItemProxy section */

/* Begin PBXFileReference section */
		58247B9D23186C4D003E2E12 /* iOS-Introduction-to-Unit-Testing-Lab.app */ = {isa = PBXFileReference; explicitFileType = wrapper.application; includeInIndex = 0; path = "iOS-Introduction-to-Unit-Testing-Lab.app"; sourceTree = BUILT_PRODUCTS_DIR; };
		58247BA023186C4D003E2E12 /* AppDelegate.swift */ = {isa = PBXFileReference; lastKnownFileType = sourcecode.swift; path = AppDelegate.swift; sourceTree = "<group>"; };
		58247BA523186C4D003E2E12 /* Base */ = {isa = PBXFileReference; lastKnownFileType = file.storyboard; name = Base; path = Base.lproj/Main.storyboard; sourceTree = "<group>"; };
		58247BA723186C4E003E2E12 /* Assets.xcassets */ = {isa = PBXFileReference; lastKnownFileType = folder.assetcatalog; path = Assets.xcassets; sourceTree = "<group>"; };
		58247BAA23186C4E003E2E12 /* Base */ = {isa = PBXFileReference; lastKnownFileType = file.storyboard; name = Base; path = Base.lproj/LaunchScreen.storyboard; sourceTree = "<group>"; };
		58247BAC23186C4E003E2E12 /* Info.plist */ = {isa = PBXFileReference; lastKnownFileType = text.plist.xml; path = Info.plist; sourceTree = "<group>"; };
		58247BB123186C4E003E2E12 /* iOS-Introduction-to-Unit-Testing-LabTests.xctest */ = {isa = PBXFileReference; explicitFileType = wrapper.cfbundle; includeInIndex = 0; path = "iOS-Introduction-to-Unit-Testing-LabTests.xctest"; sourceTree = BUILT_PRODUCTS_DIR; };
		58247BB523186C4E003E2E12 /* iOS_Introduction_to_Unit_Testing_LabTests.swift */ = {isa = PBXFileReference; lastKnownFileType = sourcecode.swift; path = iOS_Introduction_to_Unit_Testing_LabTests.swift; sourceTree = "<group>"; };
		58247BB723186C4E003E2E12 /* Info.plist */ = {isa = PBXFileReference; lastKnownFileType = text.plist.xml; path = Info.plist; sourceTree = "<group>"; };
		58247BC423186DDC003E2E12 /* jokesJSON.json */ = {isa = PBXFileReference; lastKnownFileType = text.json; path = jokesJSON.json; sourceTree = "<group>"; };
		58247BC823186FEE003E2E12 /* jokesModel.swift */ = {isa = PBXFileReference; lastKnownFileType = sourcecode.swift; path = jokesModel.swift; sourceTree = "<group>"; };
		58247BCC231878FA003E2E12 /* JokesViewController.swift */ = {isa = PBXFileReference; lastKnownFileType = sourcecode.swift; path = JokesViewController.swift; sourceTree = "<group>"; };
		58247BCE2318B7DD003E2E12 /* JokesDetailedViewController.swift */ = {isa = PBXFileReference; lastKnownFileType = sourcecode.swift; path = JokesDetailedViewController.swift; sourceTree = "<group>"; };
		58247BD023196755003E2E12 /* StarWarsJSON.json */ = {isa = PBXFileReference; lastKnownFileType = text.json; path = StarWarsJSON.json; sourceTree = "<group>"; };
		58247BFE2319BABF003E2E12 /* starWarsModel.swift */ = {isa = PBXFileReference; lastKnownFileType = sourcecode.swift; path = starWarsModel.swift; sourceTree = "<group>"; };
/* End PBXFileReference section */

/* Begin PBXFrameworksBuildPhase section */
		58247B9A23186C4D003E2E12 /* Frameworks */ = {
			isa = PBXFrameworksBuildPhase;
			buildActionMask = 2147483647;
			files = (
			);
			runOnlyForDeploymentPostprocessing = 0;
		};
		58247BAE23186C4E003E2E12 /* Frameworks */ = {
			isa = PBXFrameworksBuildPhase;
			buildActionMask = 2147483647;
			files = (
			);
			runOnlyForDeploymentPostprocessing = 0;
		};
/* End PBXFrameworksBuildPhase section */

/* Begin PBXGroup section */
		58247B9423186C4D003E2E12 = {
			isa = PBXGroup;
			children = (
				58247B9F23186C4D003E2E12 /* iOS-Introduction-to-Unit-Testing-Lab */,
				58247BB423186C4E003E2E12 /* iOS-Introduction-to-Unit-Testing-LabTests */,
				58247B9E23186C4D003E2E12 /* Products */,
			);
			sourceTree = "<group>";
		};
		58247B9E23186C4D003E2E12 /* Products */ = {
			isa = PBXGroup;
			children = (
				58247B9D23186C4D003E2E12 /* iOS-Introduction-to-Unit-Testing-Lab.app */,
				58247BB123186C4E003E2E12 /* iOS-Introduction-to-Unit-Testing-LabTests.xctest */,
			);
			name = Products;
			sourceTree = "<group>";
		};
		58247B9F23186C4D003E2E12 /* iOS-Introduction-to-Unit-Testing-Lab */ = {
			isa = PBXGroup;
			children = (
				58247BA023186C4D003E2E12 /* AppDelegate.swift */,
				58247BC623186DFA003E2E12 /* JSON files  */,
				58247BC023186D53003E2E12 /* Controller */,
				58247BCA23186FFC003E2E12 /* Model */,
				58247BC123186D6C003E2E12 /* View */,
				58247BA723186C4E003E2E12 /* Assets.xcassets */,
				58247BA923186C4E003E2E12 /* LaunchScreen.storyboard */,
				58247BAC23186C4E003E2E12 /* Info.plist */,
			);
			path = "iOS-Introduction-to-Unit-Testing-Lab";
			sourceTree = "<group>";
		};
		58247BB423186C4E003E2E12 /* iOS-Introduction-to-Unit-Testing-LabTests */ = {
			isa = PBXGroup;
			children = (
				58247BB523186C4E003E2E12 /* iOS_Introduction_to_Unit_Testing_LabTests.swift */,
				58247BB723186C4E003E2E12 /* Info.plist */,
			);
			path = "iOS-Introduction-to-Unit-Testing-LabTests";
			sourceTree = "<group>";
		};
		58247BC023186D53003E2E12 /* Controller */ = {
			isa = PBXGroup;
			children = (
				58247BCE2318B7DD003E2E12 /* JokesDetailedViewController.swift */,
				58247BCC231878FA003E2E12 /* JokesViewController.swift */,
			);
			path = Controller;
			sourceTree = "<group>";
		};
		58247BC123186D6C003E2E12 /* View */ = {
			isa = PBXGroup;
			children = (
				58247BA423186C4D003E2E12 /* Main.storyboard */,
			);
			path = View;
			sourceTree = "<group>";
		};
		58247BC623186DFA003E2E12 /* JSON files  */ = {
			isa = PBXGroup;
			children = (
				58247BC423186DDC003E2E12 /* jokesJSON.json */,
				58247BD023196755003E2E12 /* StarWarsJSON.json */,
			);
			path = "JSON files ";
			sourceTree = "<group>";
		};
		58247BCA23186FFC003E2E12 /* Model */ = {
			isa = PBXGroup;
			children = (
				58247BFE2319BABF003E2E12 /* starWarsModel.swift */,
				58247BC823186FEE003E2E12 /* jokesModel.swift */,
			);
			path = Model;
			sourceTree = "<group>";
		};
/* End PBXGroup section */

/* Begin PBXNativeTarget section */
		58247B9C23186C4D003E2E12 /* iOS-Introduction-to-Unit-Testing-Lab */ = {
			isa = PBXNativeTarget;
			buildConfigurationList = 58247BBA23186C4E003E2E12 /* Build configuration list for PBXNativeTarget "iOS-Introduction-to-Unit-Testing-Lab" */;
			buildPhases = (
				58247B9923186C4D003E2E12 /* Sources */,
				58247B9A23186C4D003E2E12 /* Frameworks */,
				58247B9B23186C4D003E2E12 /* Resources */,
			);
			buildRules = (
			);
			dependencies = (
			);
			name = "iOS-Introduction-to-Unit-Testing-Lab";
			productName = "iOS-Introduction-to-Unit-Testing-Lab";
			productReference = 58247B9D23186C4D003E2E12 /* iOS-Introduction-to-Unit-Testing-Lab.app */;
			productType = "com.apple.product-type.application";
		};
		58247BB023186C4E003E2E12 /* iOS-Introduction-to-Unit-Testing-LabTests */ = {
			isa = PBXNativeTarget;
			buildConfigurationList = 58247BBD23186C4E003E2E12 /* Build configuration list for PBXNativeTarget "iOS-Introduction-to-Unit-Testing-LabTests" */;
			buildPhases = (
				58247BAD23186C4E003E2E12 /* Sources */,
				58247BAE23186C4E003E2E12 /* Frameworks */,
				58247BAF23186C4E003E2E12 /* Resources */,
			);
			buildRules = (
			);
			dependencies = (
				58247BB323186C4E003E2E12 /* PBXTargetDependency */,
			);
			name = "iOS-Introduction-to-Unit-Testing-LabTests";
			productName = "iOS-Introduction-to-Unit-Testing-LabTests";
			productReference = 58247BB123186C4E003E2E12 /* iOS-Introduction-to-Unit-Testing-LabTests.xctest */;
			productType = "com.apple.product-type.bundle.unit-test";
		};
/* End PBXNativeTarget section */

/* Begin PBXProject section */
		58247B9523186C4D003E2E12 /* Project object */ = {
			isa = PBXProject;
			attributes = {
				LastSwiftUpdateCheck = 1030;
				LastUpgradeCheck = 1030;
				ORGANIZATIONNAME = "Mariel Hoepelman";
				TargetAttributes = {
					58247B9C23186C4D003E2E12 = {
						CreatedOnToolsVersion = 10.3;
					};
					58247BB023186C4E003E2E12 = {
						CreatedOnToolsVersion = 10.3;
						TestTargetID = 58247B9C23186C4D003E2E12;
					};
				};
			};
			buildConfigurationList = 58247B9823186C4D003E2E12 /* Build configuration list for PBXProject "iOS-Introduction-to-Unit-Testing-Lab" */;
			compatibilityVersion = "Xcode 9.3";
			developmentRegion = en;
			hasScannedForEncodings = 0;
			knownRegions = (
				en,
				Base,
			);
			mainGroup = 58247B9423186C4D003E2E12;
			productRefGroup = 58247B9E23186C4D003E2E12 /* Products */;
			projectDirPath = "";
			projectRoot = "";
			targets = (
				58247B9C23186C4D003E2E12 /* iOS-Introduction-to-Unit-Testing-Lab */,
				58247BB023186C4E003E2E12 /* iOS-Introduction-to-Unit-Testing-LabTests */,
			);
		};
/* End PBXProject section */

/* Begin PBXResourcesBuildPhase section */
		58247B9B23186C4D003E2E12 /* Resources */ = {
			isa = PBXResourcesBuildPhase;
			buildActionMask = 2147483647;
			files = (
				58247BC523186DDC003E2E12 /* jokesJSON.json in Resources */,
				58247BD123196755003E2E12 /* StarWarsJSON.json in Resources */,
				58247BAB23186C4E003E2E12 /* LaunchScreen.storyboard in Resources */,
				58247BA823186C4E003E2E12 /* Assets.xcassets in Resources */,
				58247BA623186C4D003E2E12 /* Main.storyboard in Resources */,
			);
			runOnlyForDeploymentPostprocessing = 0;
		};
		58247BAF23186C4E003E2E12 /* Resources */ = {
			isa = PBXResourcesBuildPhase;
			buildActionMask = 2147483647;
			files = (
			);
			runOnlyForDeploymentPostprocessing = 0;
		};
/* End PBXResourcesBuildPhase section */

/* Begin PBXSourcesBuildPhase section */
		58247B9923186C4D003E2E12 /* Sources */ = {
			isa = PBXSourcesBuildPhase;
			buildActionMask = 2147483647;
			files = (
				58247BCB2318724E003E2E12 /* jokesModel.swift in Sources */,
				58247BCF2318B7DD003E2E12 /* JokesDetailedViewController.swift in Sources */,
				58247BA123186C4D003E2E12 /* AppDelegate.swift in Sources */,
				58247BFF2319BABF003E2E12 /* starWarsModel.swift in Sources */,
				58247BCD231878FA003E2E12 /* JokesViewController.swift in Sources */,
			);
			runOnlyForDeploymentPostprocessing = 0;
		};
		58247BAD23186C4E003E2E12 /* Sources */ = {
			isa = PBXSourcesBuildPhase;
			buildActionMask = 2147483647;
			files = (
				58247C002319BBF9003E2E12 /* starWarsModel.swift in Sources */,
				58247BC923186FEE003E2E12 /* jokesModel.swift in Sources */,
				58247BB623186C4E003E2E12 /* iOS_Introduction_to_Unit_Testing_LabTests.swift in Sources */,
			);
			runOnlyForDeploymentPostprocessing = 0;
		};
/* End PBXSourcesBuildPhase section */

/* Begin PBXTargetDependency section */
		58247BB323186C4E003E2E12 /* PBXTargetDependency */ = {
			isa = PBXTargetDependency;
			target = 58247B9C23186C4D003E2E12 /* iOS-Introduction-to-Unit-Testing-Lab */;
			targetProxy = 58247BB223186C4E003E2E12 /* PBXContainerItemProxy */;
		};
/* End PBXTargetDependency section */

/* Begin PBXVariantGroup section */
		58247BA423186C4D003E2E12 /* Main.storyboard */ = {
			isa = PBXVariantGroup;
			children = (
				58247BA523186C4D003E2E12 /* Base */,
			);
			name = Main.storyboard;
			sourceTree = "<group>";
		};
		58247BA923186C4E003E2E12 /* LaunchScreen.storyboard */ = {
			isa = PBXVariantGroup;
			children = (
				58247BAA23186C4E003E2E12 /* Base */,
			);
			name = LaunchScreen.storyboard;
			sourceTree = "<group>";
		};
/* End PBXVariantGroup section */

/* Begin XCBuildConfiguration section */
		58247BB823186C4E003E2E12 /* Debug */ = {
			isa = XCBuildConfiguration;
			buildSettings = {
				ALWAYS_SEARCH_USER_PATHS = NO;
				CLANG_ANALYZER_NONNULL = YES;
				CLANG_ANALYZER_NUMBER_OBJECT_CONVERSION = YES_AGGRESSIVE;
				CLANG_CXX_LANGUAGE_STANDARD = "gnu++14";
				CLANG_CXX_LIBRARY = "libc++";
				CLANG_ENABLE_MODULES = YES;
				CLANG_ENABLE_OBJC_ARC = YES;
				CLANG_ENABLE_OBJC_WEAK = YES;
				CLANG_WARN_BLOCK_CAPTURE_AUTORELEASING = YES;
				CLANG_WARN_BOOL_CONVERSION = YES;
				CLANG_WARN_COMMA = YES;
				CLANG_WARN_CONSTANT_CONVERSION = YES;
				CLANG_WARN_DEPRECATED_OBJC_IMPLEMENTATIONS = YES;
				CLANG_WARN_DIRECT_OBJC_ISA_USAGE = YES_ERROR;
				CLANG_WARN_DOCUMENTATION_COMMENTS = YES;
				CLANG_WARN_EMPTY_BODY = YES;
				CLANG_WARN_ENUM_CONVERSION = YES;
				CLANG_WARN_INFINITE_RECURSION = YES;
				CLANG_WARN_INT_CONVERSION = YES;
				CLANG_WARN_NON_LITERAL_NULL_CONVERSION = YES;
				CLANG_WARN_OBJC_IMPLICIT_RETAIN_SELF = YES;
				CLANG_WARN_OBJC_LITERAL_CONVERSION = YES;
				CLANG_WARN_OBJC_ROOT_CLASS = YES_ERROR;
				CLANG_WARN_RANGE_LOOP_ANALYSIS = YES;
				CLANG_WARN_STRICT_PROTOTYPES = YES;
				CLANG_WARN_SUSPICIOUS_MOVE = YES;
				CLANG_WARN_UNGUARDED_AVAILABILITY = YES_AGGRESSIVE;
				CLANG_WARN_UNREACHABLE_CODE = YES;
				CLANG_WARN__DUPLICATE_METHOD_MATCH = YES;
				CODE_SIGN_IDENTITY = "iPhone Developer";
				COPY_PHASE_STRIP = NO;
				DEBUG_INFORMATION_FORMAT = dwarf;
				ENABLE_STRICT_OBJC_MSGSEND = YES;
				ENABLE_TESTABILITY = YES;
				GCC_C_LANGUAGE_STANDARD = gnu11;
				GCC_DYNAMIC_NO_PIC = NO;
				GCC_NO_COMMON_BLOCKS = YES;
				GCC_OPTIMIZATION_LEVEL = 0;
				GCC_PREPROCESSOR_DEFINITIONS = (
					"DEBUG=1",
					"$(inherited)",
				);
				GCC_WARN_64_TO_32_BIT_CONVERSION = YES;
				GCC_WARN_ABOUT_RETURN_TYPE = YES_ERROR;
				GCC_WARN_UNDECLARED_SELECTOR = YES;
				GCC_WARN_UNINITIALIZED_AUTOS = YES_AGGRESSIVE;
				GCC_WARN_UNUSED_FUNCTION = YES;
				GCC_WARN_UNUSED_VARIABLE = YES;
				IPHONEOS_DEPLOYMENT_TARGET = 12.4;
				MTL_ENABLE_DEBUG_INFO = INCLUDE_SOURCE;
				MTL_FAST_MATH = YES;
				ONLY_ACTIVE_ARCH = YES;
				SDKROOT = iphoneos;
				SWIFT_ACTIVE_COMPILATION_CONDITIONS = DEBUG;
				SWIFT_OPTIMIZATION_LEVEL = "-Onone";
			};
			name = Debug;
		};
		58247BB923186C4E003E2E12 /* Release */ = {
			isa = XCBuildConfiguration;
			buildSettings = {
				ALWAYS_SEARCH_USER_PATHS = NO;
				CLANG_ANALYZER_NONNULL = YES;
				CLANG_ANALYZER_NUMBER_OBJECT_CONVERSION = YES_AGGRESSIVE;
				CLANG_CXX_LANGUAGE_STANDARD = "gnu++14";
				CLANG_CXX_LIBRARY = "libc++";
				CLANG_ENABLE_MODULES = YES;
				CLANG_ENABLE_OBJC_ARC = YES;
				CLANG_ENABLE_OBJC_WEAK = YES;
				CLANG_WARN_BLOCK_CAPTURE_AUTORELEASING = YES;
				CLANG_WARN_BOOL_CONVERSION = YES;
				CLANG_WARN_COMMA = YES;
				CLANG_WARN_CONSTANT_CONVERSION = YES;
				CLANG_WARN_DEPRECATED_OBJC_IMPLEMENTATIONS = YES;
				CLANG_WARN_DIRECT_OBJC_ISA_USAGE = YES_ERROR;
				CLANG_WARN_DOCUMENTATION_COMMENTS = YES;
				CLANG_WARN_EMPTY_BODY = YES;
				CLANG_WARN_ENUM_CONVERSION = YES;
				CLANG_WARN_INFINITE_RECURSION = YES;
				CLANG_WARN_INT_CONVERSION = YES;
				CLANG_WARN_NON_LITERAL_NULL_CONVERSION = YES;
				CLANG_WARN_OBJC_IMPLICIT_RETAIN_SELF = YES;
				CLANG_WARN_OBJC_LITERAL_CONVERSION = YES;
				CLANG_WARN_OBJC_ROOT_CLASS = YES_ERROR;
				CLANG_WARN_RANGE_LOOP_ANALYSIS = YES;
				CLANG_WARN_STRICT_PROTOTYPES = YES;
				CLANG_WARN_SUSPICIOUS_MOVE = YES;
				CLANG_WARN_UNGUARDED_AVAILABILITY = YES_AGGRESSIVE;
				CLANG_WARN_UNREACHABLE_CODE = YES;
				CLANG_WARN__DUPLICATE_METHOD_MATCH = YES;
				CODE_SIGN_IDENTITY = "iPhone Developer";
				COPY_PHASE_STRIP = NO;
				DEBUG_INFORMATION_FORMAT = "dwarf-with-dsym";
				ENABLE_NS_ASSERTIONS = NO;
				ENABLE_STRICT_OBJC_MSGSEND = YES;
				GCC_C_LANGUAGE_STANDARD = gnu11;
				GCC_NO_COMMON_BLOCKS = YES;
				GCC_WARN_64_TO_32_BIT_CONVERSION = YES;
				GCC_WARN_ABOUT_RETURN_TYPE = YES_ERROR;
				GCC_WARN_UNDECLARED_SELECTOR = YES;
				GCC_WARN_UNINITIALIZED_AUTOS = YES_AGGRESSIVE;
				GCC_WARN_UNUSED_FUNCTION = YES;
				GCC_WARN_UNUSED_VARIABLE = YES;
				IPHONEOS_DEPLOYMENT_TARGET = 12.4;
				MTL_ENABLE_DEBUG_INFO = NO;
				MTL_FAST_MATH = YES;
				SDKROOT = iphoneos;
				SWIFT_COMPILATION_MODE = wholemodule;
				SWIFT_OPTIMIZATION_LEVEL = "-O";
				VALIDATE_PRODUCT = YES;
			};
			name = Release;
		};
		58247BBB23186C4E003E2E12 /* Debug */ = {
			isa = XCBuildConfiguration;
			buildSettings = {
				ASSETCATALOG_COMPILER_APPICON_NAME = AppIcon;
				CODE_SIGN_STYLE = Automatic;
				DEVELOPMENT_TEAM = 78B3ZP3548;
				INFOPLIST_FILE = "iOS-Introduction-to-Unit-Testing-Lab/Info.plist";
				LD_RUNPATH_SEARCH_PATHS = (
					"$(inherited)",
					"@executable_path/Frameworks",
				);
				PRODUCT_BUNDLE_IDENTIFIER = "MJHJ.iOS-Introduction-to-Unit-Testing-Lab";
				PRODUCT_NAME = "$(TARGET_NAME)";
				SWIFT_VERSION = 5.0;
				TARGETED_DEVICE_FAMILY = "1,2";
			};
			name = Debug;
		};
		58247BBC23186C4E003E2E12 /* Release */ = {
			isa = XCBuildConfiguration;
			buildSettings = {
				ASSETCATALOG_COMPILER_APPICON_NAME = AppIcon;
				CODE_SIGN_STYLE = Automatic;
				DEVELOPMENT_TEAM = 78B3ZP3548;
				INFOPLIST_FILE = "iOS-Introduction-to-Unit-Testing-Lab/Info.plist";
				LD_RUNPATH_SEARCH_PATHS = (
					"$(inherited)",
					"@executable_path/Frameworks",
				);
				PRODUCT_BUNDLE_IDENTIFIER = "MJHJ.iOS-Introduction-to-Unit-Testing-Lab";
				PRODUCT_NAME = "$(TARGET_NAME)";
				SWIFT_VERSION = 5.0;
				TARGETED_DEVICE_FAMILY = "1,2";
			};
			name = Release;
		};
		58247BBE23186C4E003E2E12 /* Debug */ = {
			isa = XCBuildConfiguration;
			buildSettings = {
				ALWAYS_EMBED_SWIFT_STANDARD_LIBRARIES = YES;
				BUNDLE_LOADER = "$(TEST_HOST)";
				CODE_SIGN_STYLE = Automatic;
				DEVELOPMENT_TEAM = 78B3ZP3548;
				INFOPLIST_FILE = "iOS-Introduction-to-Unit-Testing-LabTests/Info.plist";
				LD_RUNPATH_SEARCH_PATHS = (
					"$(inherited)",
					"@executable_path/Frameworks",
					"@loader_path/Frameworks",
				);
				PRODUCT_BUNDLE_IDENTIFIER = "MJHJ.iOS-Introduction-to-Unit-Testing-LabTests";
				PRODUCT_NAME = "$(TARGET_NAME)";
				SWIFT_VERSION = 5.0;
				TARGETED_DEVICE_FAMILY = "1,2";
				TEST_HOST = "$(BUILT_PRODUCTS_DIR)/iOS-Introduction-to-Unit-Testing-Lab.app/iOS-Introduction-to-Unit-Testing-Lab";
			};
			name = Debug;
		};
		58247BBF23186C4E003E2E12 /* Release */ = {
			isa = XCBuildConfiguration;
			buildSettings = {
				ALWAYS_EMBED_SWIFT_STANDARD_LIBRARIES = YES;
				BUNDLE_LOADER = "$(TEST_HOST)";
				CODE_SIGN_STYLE = Automatic;
				DEVELOPMENT_TEAM = 78B3ZP3548;
				INFOPLIST_FILE = "iOS-Introduction-to-Unit-Testing-LabTests/Info.plist";
				LD_RUNPATH_SEARCH_PATHS = (
					"$(inherited)",
					"@executable_path/Frameworks",
					"@loader_path/Frameworks",
				);
				PRODUCT_BUNDLE_IDENTIFIER = "MJHJ.iOS-Introduction-to-Unit-Testing-LabTests";
				PRODUCT_NAME = "$(TARGET_NAME)";
				SWIFT_VERSION = 5.0;
				TARGETED_DEVICE_FAMILY = "1,2";
				TEST_HOST = "$(BUILT_PRODUCTS_DIR)/iOS-Introduction-to-Unit-Testing-Lab.app/iOS-Introduction-to-Unit-Testing-Lab";
			};
			name = Release;
		};
/* End XCBuildConfiguration section */

/* Begin XCConfigurationList section */
		58247B9823186C4D003E2E12 /* Build configuration list for PBXProject "iOS-Introduction-to-Unit-Testing-Lab" */ = {
			isa = XCConfigurationList;
			buildConfigurations = (
				58247BB823186C4E003E2E12 /* Debug */,
				58247BB923186C4E003E2E12 /* Release */,
			);
			defaultConfigurationIsVisible = 0;
			defaultConfigurationName = Release;
		};
		58247BBA23186C4E003E2E12 /* Build configuration list for PBXNativeTarget "iOS-Introduction-to-Unit-Testing-Lab" */ = {
			isa = XCConfigurationList;
			buildConfigurations = (
				58247BBB23186C4E003E2E12 /* Debug */,
				58247BBC23186C4E003E2E12 /* Release */,
			);
			defaultConfigurationIsVisible = 0;
			defaultConfigurationName = Release;
		};
		58247BBD23186C4E003E2E12 /* Build configuration list for PBXNativeTarget "iOS-Introduction-to-Unit-Testing-LabTests" */ = {
			isa = XCConfigurationList;
			buildConfigurations = (
				58247BBE23186C4E003E2E12 /* Debug */,
				58247BBF23186C4E003E2E12 /* Release */,
			);
			defaultConfigurationIsVisible = 0;
			defaultConfigurationName = Release;
		};
/* End XCConfigurationList section */
	};
	rootObject = 58247B9523186C4D003E2E12 /* Project object */;
}
